// !$*UTF8*$!
{
	archiveVersion = 1;
	classes = {
	};
	objectVersion = 46;
	objects = {

/* Begin PBXBuildFile section */
		A2392F351985E7EB00A40D56 /* Foundation.framework in Frameworks */ = {isa = PBXBuildFile; fileRef = A2392F341985E7EB00A40D56 /* Foundation.framework */; };
		A2392F371985E7EB00A40D56 /* CoreGraphics.framework in Frameworks */ = {isa = PBXBuildFile; fileRef = A2392F361985E7EB00A40D56 /* CoreGraphics.framework */; };
		A2392F391985E7EB00A40D56 /* UIKit.framework in Frameworks */ = {isa = PBXBuildFile; fileRef = A2392F381985E7EB00A40D56 /* UIKit.framework */; };
		A2392F3F1985E7EB00A40D56 /* InfoPlist.strings in Resources */ = {isa = PBXBuildFile; fileRef = A2392F3D1985E7EB00A40D56 /* InfoPlist.strings */; };
		A2392F411985E7EB00A40D56 /* main.m in Sources */ = {isa = PBXBuildFile; fileRef = A2392F401985E7EB00A40D56 /* main.m */; };
		A2392F451985E7EB00A40D56 /* AppDelegate.m in Sources */ = {isa = PBXBuildFile; fileRef = A2392F441985E7EB00A40D56 /* AppDelegate.m */; };
		A2392F471985E7EB00A40D56 /* Images.xcassets in Resources */ = {isa = PBXBuildFile; fileRef = A2392F461985E7EB00A40D56 /* Images.xcassets */; };
		A2392F4E1985E7EB00A40D56 /* XCTest.framework in Frameworks */ = {isa = PBXBuildFile; fileRef = A2392F4D1985E7EB00A40D56 /* XCTest.framework */; };
		A2392F4F1985E7EB00A40D56 /* Foundation.framework in Frameworks */ = {isa = PBXBuildFile; fileRef = A2392F341985E7EB00A40D56 /* Foundation.framework */; };
		A2392F501985E7EB00A40D56 /* UIKit.framework in Frameworks */ = {isa = PBXBuildFile; fileRef = A2392F381985E7EB00A40D56 /* UIKit.framework */; };
		A2392F581985E7EB00A40D56 /* InfoPlist.strings in Resources */ = {isa = PBXBuildFile; fileRef = A2392F561985E7EB00A40D56 /* InfoPlist.strings */; };
		A2392F5A1985E7EB00A40D56 /* LocalSeasonalTests.m in Sources */ = {isa = PBXBuildFile; fileRef = A2392F591985E7EB00A40D56 /* LocalSeasonalTests.m */; };
/* End PBXBuildFile section */

/* Begin PBXContainerItemProxy section */
		A2392F511985E7EB00A40D56 /* PBXContainerItemProxy */ = {
			isa = PBXContainerItemProxy;
			containerPortal = A2392F291985E7EB00A40D56 /* Project object */;
			proxyType = 1;
			remoteGlobalIDString = A2392F301985E7EB00A40D56;
			remoteInfo = LocalSeasonal;
		};
/* End PBXContainerItemProxy section */

/* Begin PBXFileReference section */
		A2392F311985E7EB00A40D56 /* LocalSeasonal.app */ = {isa = PBXFileReference; explicitFileType = wrapper.application; includeInIndex = 0; path = LocalSeasonal.app; sourceTree = BUILT_PRODUCTS_DIR; };
		A2392F341985E7EB00A40D56 /* Foundation.framework */ = {isa = PBXFileReference; lastKnownFileType = wrapper.framework; name = Foundation.framework; path = System/Library/Frameworks/Foundation.framework; sourceTree = SDKROOT; };
		A2392F361985E7EB00A40D56 /* CoreGraphics.framework */ = {isa = PBXFileReference; lastKnownFileType = wrapper.framework; name = CoreGraphics.framework; path = System/Library/Frameworks/CoreGraphics.framework; sourceTree = SDKROOT; };
		A2392F381985E7EB00A40D56 /* UIKit.framework */ = {isa = PBXFileReference; lastKnownFileType = wrapper.framework; name = UIKit.framework; path = System/Library/Frameworks/UIKit.framework; sourceTree = SDKROOT; };
		A2392F3C1985E7EB00A40D56 /* LocalSeasonal-Info.plist */ = {isa = PBXFileReference; lastKnownFileType = text.plist.xml; path = "LocalSeasonal-Info.plist"; sourceTree = "<group>"; };
		A2392F3E1985E7EB00A40D56 /* en */ = {isa = PBXFileReference; lastKnownFileType = text.plist.strings; name = en; path = en.lproj/InfoPlist.strings; sourceTree = "<group>"; };
		A2392F401985E7EB00A40D56 /* main.m */ = {isa = PBXFileReference; lastKnownFileType = sourcecode.c.objc; path = main.m; sourceTree = "<group>"; };
		A2392F421985E7EB00A40D56 /* LocalSeasonal-Prefix.pch */ = {isa = PBXFileReference; lastKnownFileType = sourcecode.c.h; path = "LocalSeasonal-Prefix.pch"; sourceTree = "<group>"; };
		A2392F431985E7EB00A40D56 /* AppDelegate.h */ = {isa = PBXFileReference; lastKnownFileType = sourcecode.c.h; path = AppDelegate.h; sourceTree = "<group>"; };
		A2392F441985E7EB00A40D56 /* AppDelegate.m */ = {isa = PBXFileReference; lastKnownFileType = sourcecode.c.objc; path = AppDelegate.m; sourceTree = "<group>"; };
		A2392F461985E7EB00A40D56 /* Images.xcassets */ = {isa = PBXFileReference; lastKnownFileType = folder.assetcatalog; path = Images.xcassets; sourceTree = "<group>"; };
		A2392F4C1985E7EB00A40D56 /* LocalSeasonalTests.xctest */ = {isa = PBXFileReference; explicitFileType = wrapper.cfbundle; includeInIndex = 0; path = LocalSeasonalTests.xctest; sourceTree = BUILT_PRODUCTS_DIR; };
		A2392F4D1985E7EB00A40D56 /* XCTest.framework */ = {isa = PBXFileReference; lastKnownFileType = wrapper.framework; name = XCTest.framework; path = Library/Frameworks/XCTest.framework; sourceTree = DEVELOPER_DIR; };
		A2392F551985E7EB00A40D56 /* LocalSeasonalTests-Info.plist */ = {isa = PBXFileReference; lastKnownFileType = text.plist.xml; path = "LocalSeasonalTests-Info.plist"; sourceTree = "<group>"; };
		A2392F571985E7EB00A40D56 /* en */ = {isa = PBXFileReference; lastKnownFileType = text.plist.strings; name = en; path = en.lproj/InfoPlist.strings; sourceTree = "<group>"; };
		A2392F591985E7EB00A40D56 /* LocalSeasonalTests.m */ = {isa = PBXFileReference; lastKnownFileType = sourcecode.c.objc; path = LocalSeasonalTests.m; sourceTree = "<group>"; };
/* End PBXFileReference section */

/* Begin PBXFrameworksBuildPhase section */
		A2392F2E1985E7EB00A40D56 /* Frameworks */ = {
			isa = PBXFrameworksBuildPhase;
			buildActionMask = 2147483647;
			files = (
				A2392F371985E7EB00A40D56 /* CoreGraphics.framework in Frameworks */,
				A2392F391985E7EB00A40D56 /* UIKit.framework in Frameworks */,
				A2392F351985E7EB00A40D56 /* Foundation.framework in Frameworks */,
			);
			runOnlyForDeploymentPostprocessing = 0;
		};
		A2392F491985E7EB00A40D56 /* Frameworks */ = {
			isa = PBXFrameworksBuildPhase;
			buildActionMask = 2147483647;
			files = (
				A2392F4E1985E7EB00A40D56 /* XCTest.framework in Frameworks */,
				A2392F501985E7EB00A40D56 /* UIKit.framework in Frameworks */,
				A2392F4F1985E7EB00A40D56 /* Foundation.framework in Frameworks */,
			);
			runOnlyForDeploymentPostprocessing = 0;
		};
/* End PBXFrameworksBuildPhase section */

/* Begin PBXGroup section */
		A2392F281985E7EB00A40D56 = {
			isa = PBXGroup;
			children = (
				A2392F3A1985E7EB00A40D56 /* LocalSeasonal */,
				A2392F531985E7EB00A40D56 /* LocalSeasonalTests */,
				A2392F331985E7EB00A40D56 /* Frameworks */,
				A2392F321985E7EB00A40D56 /* Products */,
			);
			sourceTree = "<group>";
		};
		A2392F321985E7EB00A40D56 /* Products */ = {
			isa = PBXGroup;
			children = (
				A2392F311985E7EB00A40D56 /* LocalSeasonal.app */,
				A2392F4C1985E7EB00A40D56 /* LocalSeasonalTests.xctest */,
			);
			name = Products;
			sourceTree = "<group>";
		};
		A2392F331985E7EB00A40D56 /* Frameworks */ = {
			isa = PBXGroup;
			children = (
				A2392F341985E7EB00A40D56 /* Foundation.framework */,
				A2392F361985E7EB00A40D56 /* CoreGraphics.framework */,
				A2392F381985E7EB00A40D56 /* UIKit.framework */,
				A2392F4D1985E7EB00A40D56 /* XCTest.framework */,
			);
			name = Frameworks;
			sourceTree = "<group>";
		};
		A2392F3A1985E7EB00A40D56 /* LocalSeasonal */ = {
			isa = PBXGroup;
			children = (
				A2392F431985E7EB00A40D56 /* AppDelegate.h */,
				A2392F441985E7EB00A40D56 /* AppDelegate.m */,
				A2392F461985E7EB00A40D56 /* Images.xcassets */,
				A2392F3B1985E7EB00A40D56 /* Supporting Files */,
			);
			path = LocalSeasonal;
			sourceTree = "<group>";
		};
		A2392F3B1985E7EB00A40D56 /* Supporting Files */ = {
			isa = PBXGroup;
			children = (
				A2392F3C1985E7EB00A40D56 /* LocalSeasonal-Info.plist */,
				A2392F3D1985E7EB00A40D56 /* InfoPlist.strings */,
				A2392F401985E7EB00A40D56 /* main.m */,
				A2392F421985E7EB00A40D56 /* LocalSeasonal-Prefix.pch */,
			);
			name = "Supporting Files";
			sourceTree = "<group>";
		};
		A2392F531985E7EB00A40D56 /* LocalSeasonalTests */ = {
			isa = PBXGroup;
			children = (
				A2392F591985E7EB00A40D56 /* LocalSeasonalTests.m */,
				A2392F541985E7EB00A40D56 /* Supporting Files */,
			);
			path = LocalSeasonalTests;
			sourceTree = "<group>";
		};
		A2392F541985E7EB00A40D56 /* Supporting Files */ = {
			isa = PBXGroup;
			children = (
				A2392F551985E7EB00A40D56 /* LocalSeasonalTests-Info.plist */,
				A2392F561985E7EB00A40D56 /* InfoPlist.strings */,
			);
			name = "Supporting Files";
			sourceTree = "<group>";
		};
/* End PBXGroup section */

/* Begin PBXNativeTarget section */
		A2392F301985E7EB00A40D56 /* LocalSeasonal */ = {
			isa = PBXNativeTarget;
			buildConfigurationList = A2392F5D1985E7EB00A40D56 /* Build configuration list for PBXNativeTarget "LocalSeasonal" */;
			buildPhases = (
				A2392F2D1985E7EB00A40D56 /* Sources */,
				A2392F2E1985E7EB00A40D56 /* Frameworks */,
				A2392F2F1985E7EB00A40D56 /* Resources */,
			);
			buildRules = (
			);
			dependencies = (
			);
			name = LocalSeasonal;
			productName = LocalSeasonal;
			productReference = A2392F311985E7EB00A40D56 /* LocalSeasonal.app */;
			productType = "com.apple.product-type.application";
		};
		A2392F4B1985E7EB00A40D56 /* LocalSeasonalTests */ = {
			isa = PBXNativeTarget;
			buildConfigurationList = A2392F601985E7EB00A40D56 /* Build configuration list for PBXNativeTarget "LocalSeasonalTests" */;
			buildPhases = (
				A2392F481985E7EB00A40D56 /* Sources */,
				A2392F491985E7EB00A40D56 /* Frameworks */,
				A2392F4A1985E7EB00A40D56 /* Resources */,
			);
			buildRules = (
			);
			dependencies = (
				A2392F521985E7EB00A40D56 /* PBXTargetDependency */,
			);
			name = LocalSeasonalTests;
			productName = LocalSeasonalTests;
			productReference = A2392F4C1985E7EB00A40D56 /* LocalSeasonalTests.xctest */;
			productType = "com.apple.product-type.bundle.unit-test";
		};
/* End PBXNativeTarget section */

/* Begin PBXProject section */
		A2392F291985E7EB00A40D56 /* Project object */ = {
			isa = PBXProject;
			attributes = {
				LastUpgradeCheck = 0510;
				ORGANIZATIONNAME = "Zoe Malcolm";
				TargetAttributes = {
					A2392F4B1985E7EB00A40D56 = {
						TestTargetID = A2392F301985E7EB00A40D56;
					};
				};
			};
			buildConfigurationList = A2392F2C1985E7EB00A40D56 /* Build configuration list for PBXProject "LocalSeasonal" */;
			compatibilityVersion = "Xcode 3.2";
			developmentRegion = English;
			hasScannedForEncodings = 0;
			knownRegions = (
				en,
			);
			mainGroup = A2392F281985E7EB00A40D56;
			productRefGroup = A2392F321985E7EB00A40D56 /* Products */;
			projectDirPath = "";
			projectRoot = "";
			targets = (
				A2392F301985E7EB00A40D56 /* LocalSeasonal */,
				A2392F4B1985E7EB00A40D56 /* LocalSeasonalTests */,
			);
		};
/* End PBXProject section */

/* Begin PBXResourcesBuildPhase section */
		A2392F2F1985E7EB00A40D56 /* Resources */ = {
			isa = PBXResourcesBuildPhase;
			buildActionMask = 2147483647;
			files = (
				A2392F3F1985E7EB00A40D56 /* InfoPlist.strings in Resources */,
				A2392F471985E7EB00A40D56 /* Images.xcassets in Resources */,
			);
			runOnlyForDeploymentPostprocessing = 0;
		};
		A2392F4A1985E7EB00A40D56 /* Resources */ = {
			isa = PBXResourcesBuildPhase;
			buildActionMask = 2147483647;
			files = (
				A2392F581985E7EB00A40D56 /* InfoPlist.strings in Resources */,
			);
			runOnlyForDeploymentPostprocessing = 0;
		};
/* End PBXResourcesBuildPhase section */

/* Begin PBXSourcesBuildPhase section */
		A2392F2D1985E7EB00A40D56 /* Sources */ = {
			isa = PBXSourcesBuildPhase;
			buildActionMask = 2147483647;
			files = (
				A2392F451985E7EB00A40D56 /* AppDelegate.m in Sources */,
				A2392F411985E7EB00A40D56 /* main.m in Sources */,
			);
			runOnlyForDeploymentPostprocessing = 0;
		};
		A2392F481985E7EB00A40D56 /* Sources */ = {
			isa = PBXSourcesBuildPhase;
			buildActionMask = 2147483647;
			files = (
				A2392F5A1985E7EB00A40D56 /* LocalSeasonalTests.m in Sources */,
			);
			runOnlyForDeploymentPostprocessing = 0;
		};
/* End PBXSourcesBuildPhase section */

/* Begin PBXTargetDependency section */
		A2392F521985E7EB00A40D56 /* PBXTargetDependency */ = {
			isa = PBXTargetDependency;
			target = A2392F301985E7EB00A40D56 /* LocalSeasonal */;
			targetProxy = A2392F511985E7EB00A40D56 /* PBXContainerItemProxy */;
		};
/* End PBXTargetDependency section */

/* Begin PBXVariantGroup section */
		A2392F3D1985E7EB00A40D56 /* InfoPlist.strings */ = {
			isa = PBXVariantGroup;
			children = (
				A2392F3E1985E7EB00A40D56 /* en */,
			);
			name = InfoPlist.strings;
			sourceTree = "<group>";
		};
		A2392F561985E7EB00A40D56 /* InfoPlist.strings */ = {
			isa = PBXVariantGroup;
			children = (
				A2392F571985E7EB00A40D56 /* en */,
			);
			name = InfoPlist.strings;
			sourceTree = "<group>";
		};
/* End PBXVariantGroup section */

/* Begin XCBuildConfiguration section */
		A2392F5B1985E7EB00A40D56 /* Debug */ = {
			isa = XCBuildConfiguration;
			buildSettings = {
				ALWAYS_SEARCH_USER_PATHS = NO;
				CLANG_CXX_LANGUAGE_STANDARD = "gnu++0x";
				CLANG_CXX_LIBRARY = "libc++";
				CLANG_ENABLE_MODULES = YES;
				CLANG_ENABLE_OBJC_ARC = YES;
				CLANG_WARN_BOOL_CONVERSION = YES;
				CLANG_WARN_CONSTANT_CONVERSION = YES;
				CLANG_WARN_DIRECT_OBJC_ISA_USAGE = YES_ERROR;
				CLANG_WARN_EMPTY_BODY = YES;
				CLANG_WARN_ENUM_CONVERSION = YES;
				CLANG_WARN_INT_CONVERSION = YES;
				CLANG_WARN_OBJC_ROOT_CLASS = YES_ERROR;
				CLANG_WARN__DUPLICATE_METHOD_MATCH = YES;
				"CODE_SIGN_IDENTITY[sdk=iphoneos*]" = "iPhone Developer";
				COPY_PHASE_STRIP = NO;
				GCC_C_LANGUAGE_STANDARD = gnu99;
				GCC_DYNAMIC_NO_PIC = NO;
				GCC_OPTIMIZATION_LEVEL = 0;
				GCC_PREPROCESSOR_DEFINITIONS = (
					"DEBUG=1",
					"$(inherited)",
				);
				GCC_SYMBOLS_PRIVATE_EXTERN = NO;
				GCC_WARN_64_TO_32_BIT_CONVERSION = YES;
				GCC_WARN_ABOUT_RETURN_TYPE = YES_ERROR;
				GCC_WARN_UNDECLARED_SELECTOR = YES;
				GCC_WARN_UNINITIALIZED_AUTOS = YES_AGGRESSIVE;
				GCC_WARN_UNUSED_FUNCTION = YES;
				GCC_WARN_UNUSED_VARIABLE = YES;
				IPHONEOS_DEPLOYMENT_TARGET = 7.1;
				ONLY_ACTIVE_ARCH = YES;
				SDKROOT = iphoneos;
			};
			name = Debug;
		};
		A2392F5C1985E7EB00A40D56 /* Release */ = {
			isa = XCBuildConfiguration;
			buildSettings = {
				ALWAYS_SEARCH_USER_PATHS = NO;
				CLANG_CXX_LANGUAGE_STANDARD = "gnu++0x";
				CLANG_CXX_LIBRARY = "libc++";
				CLANG_ENABLE_MODULES = YES;
				CLANG_ENABLE_OBJC_ARC = YES;
				CLANG_WARN_BOOL_CONVERSION = YES;
				CLANG_WARN_CONSTANT_CONVERSION = YES;
				CLANG_WARN_DIRECT_OBJC_ISA_USAGE = YES_ERROR;
				CLANG_WARN_EMPTY_BODY = YES;
				CLANG_WARN_ENUM_CONVERSION = YES;
				CLANG_WARN_INT_CONVERSION = YES;
				CLANG_WARN_OBJC_ROOT_CLASS = YES_ERROR;
				CLANG_WARN__DUPLICATE_METHOD_MATCH = YES;
				"CODE_SIGN_IDENTITY[sdk=iphoneos*]" = "iPhone Developer";
				COPY_PHASE_STRIP = YES;
				ENABLE_NS_ASSERTIONS = NO;
				GCC_C_LANGUAGE_STANDARD = gnu99;
				GCC_WARN_64_TO_32_BIT_CONVERSION = YES;
				GCC_WARN_ABOUT_RETURN_TYPE = YES_ERROR;
				GCC_WARN_UNDECLARED_SELECTOR = YES;
				GCC_WARN_UNINITIALIZED_AUTOS = YES_AGGRESSIVE;
				GCC_WARN_UNUSED_FUNCTION = YES;
				GCC_WARN_UNUSED_VARIABLE = YES;
				IPHONEOS_DEPLOYMENT_TARGET = 7.1;
				SDKROOT = iphoneos;
				VALIDATE_PRODUCT = YES;
			};
			name = Release;
		};
		A2392F5E1985E7EB00A40D56 /* Debug */ = {
			isa = XCBuildConfiguration;
			buildSettings = {
				ASSETCATALOG_COMPILER_APPICON_NAME = AppIcon;
				ASSETCATALOG_COMPILER_LAUNCHIMAGE_NAME = LaunchImage;
				GCC_PRECOMPILE_PREFIX_HEADER = YES;
				GCC_PREFIX_HEADER = "LocalSeasonal/LocalSeasonal-Prefix.pch";
				INFOPLIST_FILE = "LocalSeasonal/LocalSeasonal-Info.plist";
				PRODUCT_NAME = "$(TARGET_NAME)";
				WRAPPER_EXTENSION = app;
			};
			name = Debug;
		};
		A2392F5F1985E7EB00A40D56 /* Release */ = {
			isa = XCBuildConfiguration;
			buildSettings = {
				ASSETCATALOG_COMPILER_APPICON_NAME = AppIcon;
				ASSETCATALOG_COMPILER_LAUNCHIMAGE_NAME = LaunchImage;
				GCC_PRECOMPILE_PREFIX_HEADER = YES;
				GCC_PREFIX_HEADER = "LocalSeasonal/LocalSeasonal-Prefix.pch";
				INFOPLIST_FILE = "LocalSeasonal/LocalSeasonal-Info.plist";
				PRODUCT_NAME = "$(TARGET_NAME)";
				WRAPPER_EXTENSION = app;
			};
			name = Release;
		};
		A2392F611985E7EB00A40D56 /* Debug */ = {
			isa = XCBuildConfiguration;
			buildSettings = {
				BUNDLE_LOADER = "$(BUILT_PRODUCTS_DIR)/LocalSeasonal.app/LocalSeasonal";
				FRAMEWORK_SEARCH_PATHS = (
					"$(SDKROOT)/Developer/Library/Frameworks",
					"$(inherited)",
					"$(DEVELOPER_FRAMEWORKS_DIR)",
				);
				GCC_PRECOMPILE_PREFIX_HEADER = YES;
				GCC_PREFIX_HEADER = "LocalSeasonal/LocalSeasonal-Prefix.pch";
				GCC_PREPROCESSOR_DEFINITIONS = (
					"DEBUG=1",
					"$(inherited)",
				);
				INFOPLIST_FILE = "LocalSeasonalTests/LocalSeasonalTests-Info.plist";
				PRODUCT_NAME = "$(TARGET_NAME)";
				TEST_HOST = "$(BUNDLE_LOADER)";
				WRAPPER_EXTENSION = xctest;
			};
			name = Debug;
		};
		A2392F621985E7EB00A40D56 /* Release */ = {
			isa = XCBuildConfiguration;
			buildSettings = {
				BUNDLE_LOADER = "$(BUILT_PRODUCTS_DIR)/LocalSeasonal.app/LocalSeasonal";
				FRAMEWORK_SEARCH_PATHS = (
					"$(SDKROOT)/Developer/Library/Frameworks",
					"$(inherited)",
					"$(DEVELOPER_FRAMEWORKS_DIR)",
				);
				GCC_PRECOMPILE_PREFIX_HEADER = YES;
				GCC_PREFIX_HEADER = "LocalSeasonal/LocalSeasonal-Prefix.pch";
				INFOPLIST_FILE = "LocalSeasonalTests/LocalSeasonalTests-Info.plist";
				PRODUCT_NAME = "$(TARGET_NAME)";
				TEST_HOST = "$(BUNDLE_LOADER)";
				WRAPPER_EXTENSION = xctest;
			};
			name = Release;
		};
/* End XCBuildConfiguration section */

/* Begin XCConfigurationList section */
		A2392F2C1985E7EB00A40D56 /* Build configuration list for PBXProject "LocalSeasonal" */ = {
			isa = XCConfigurationList;
			buildConfigurations = (
				A2392F5B1985E7EB00A40D56 /* Debug */,
				A2392F5C1985E7EB00A40D56 /* Release */,
			);
			defaultConfigurationIsVisible = 0;
			defaultConfigurationName = Release;
		};
		A2392F5D1985E7EB00A40D56 /* Build configuration list for PBXNativeTarget "LocalSeasonal" */ = {
			isa = XCConfigurationList;
			buildConfigurations = (
				A2392F5E1985E7EB00A40D56 /* Debug */,
				A2392F5F1985E7EB00A40D56 /* Release */,
			);
			defaultConfigurationIsVisible = 0;
		};
		A2392F601985E7EB00A40D56 /* Build configuration list for PBXNativeTarget "LocalSeasonalTests" */ = {
			isa = XCConfigurationList;
			buildConfigurations = (
				A2392F611985E7EB00A40D56 /* Debug */,
				A2392F621985E7EB00A40D56 /* Release */,
			);
			defaultConfigurationIsVisible = 0;
		};
/* End XCConfigurationList section */
	};
	rootObject = A2392F291985E7EB00A40D56 /* Project object */;
}
